
Microsoft Visual Studio Solution File, Format Version 12.00
# Visual Studio Version 16
VisualStudioVersion = 16.0.31424.327
MinimumVisualStudioVersion = 10.0.40219.1
Project("{9A19103F-16F7-4668-BE54-9A1E7A4F7556}") = "GraphQLDemo.DataRepository", "GraphQLDemo.DataRepository\GraphQLDemo.DataRepository.csproj", "{AD8CBC8E-BB40-41D8-93D0-ECA0E6FA64B7}"
EndProject
Project("{9A19103F-16F7-4668-BE54-9A1E7A4F7556}") = "GraphQLDemo.API", "GraphQLDemo.API\GraphQLDemo.API.csproj", "{B428A503-43E4-4BC4-8A11-21510CFF7228}"
EndProject
Project("{2150E333-8FDC-42A3-9474-1A3956D46DE8}") = "Solution Items", "Solution Items", "{72D307BD-8713-4B67-A834-6C5AF4D6B44A}"
	ProjectSection(SolutionItems) = preProject
		PostmanCollection.json = PostmanCollection.json
		README.md = README.md
	EndProjectSection
EndProject
Global
	GlobalSection(SolutionConfigurationPlatforms) = preSolution
		Debug|Any CPU = Debug|Any CPU
		Release|Any CPU = Release|Any CPU
	EndGlobalSection
	GlobalSection(ProjectConfigurationPlatforms) = postSolution
		{AD8CBC8E-BB40-41D8-93D0-ECA0E6FA64B7}.Debug|Any CPU.ActiveCfg = Debug|Any CPU
		{AD8CBC8E-BB40-41D8-93D0-ECA0E6FA64B7}.Debug|Any CPU.Build.0 = Debug|Any CPU
		{AD8CBC8E-BB40-41D8-93D0-ECA0E6FA64B7}.Release|Any CPU.ActiveCfg = Release|Any CPU
		{AD8CBC8E-BB40-41D8-93D0-ECA0E6FA64B7}.Release|Any CPU.Build.0 = Release|Any CPU
		{B428A503-43E4-4BC4-8A11-21510CFF7228}.Debug|Any CPU.ActiveCfg = Debug|Any CPU
		{B428A503-43E4-4BC4-8A11-21510CFF7228}.Debug|Any CPU.Build.0 = Debug|Any CPU
		{B428A503-43E4-4BC4-8A11-21510CFF7228}.Release|Any CPU.ActiveCfg = Release|Any CPU
		{B428A503-43E4-4BC4-8A11-21510CFF7228}.Release|Any CPU.Build.0 = Release|Any CPU
	EndGlobalSection
	GlobalSection(SolutionProperties) = preSolution
		HideSolutionNode = FALSE
	EndGlobalSection
	GlobalSection(ExtensibilityGlobals) = postSolution
		SolutionGuid = {67D3C3D6-27C0-41C1-BF47-3655F353E20A}
	EndGlobalSection
EndGlobal
